
Microsoft Visual Studio Solution File, Format Version 12.00
# Visual Studio Version 17
VisualStudioVersion = 17.4.33205.214
MinimumVisualStudioVersion = 10.0.40219.1
Project("{FAE04EC0-301F-11D3-BF4B-00C04F79EFBC}") = "ShoppingCart", "ShoppingCart\ShoppingCart.csproj", "{5FFA2DFD-6E08-4761-A0D4-4108239A8B3C}"
EndProject
Global
	GlobalSection(SolutionConfigurationPlatforms) = preSolution
		Debug|Any CPU = Debug|Any CPU
		Release|Any CPU = Release|Any CPU
	EndGlobalSection
	GlobalSection(ProjectConfigurationPlatforms) = postSolution
		{5FFA2DFD-6E08-4761-A0D4-4108239A8B3C}.Debug|Any CPU.ActiveCfg = Debug|Any CPU
		{5FFA2DFD-6E08-4761-A0D4-4108239A8B3C}.Debug|Any CPU.Build.0 = Debug|Any CPU
		{5FFA2DFD-6E08-4761-A0D4-4108239A8B3C}.Release|Any CPU.ActiveCfg = Release|Any CPU
		{5FFA2DFD-6E08-4761-A0D4-4108239A8B3C}.Release|Any CPU.Build.0 = Release|Any CPU
	EndGlobalSection
	GlobalSection(SolutionProperties) = preSolution
		HideSolutionNode = FALSE
	EndGlobalSection
	GlobalSection(ExtensibilityGlobals) = postSolution
		SolutionGuid = {D21B6BB3-4EBE-4DA3-9A09-C8AF5AD9DF3B}
	EndGlobalSection
EndGlobal
